
Microsoft Visual Studio Solution File, Format Version 12.00
# Visual Studio Version 17
VisualStudioVersion = 17.3.32804.467
MinimumVisualStudioVersion = 10.0.40219.1
Project("{FAE04EC0-301F-11D3-BF4B-00C04F79EFBC}") = "PersonelTracking", "PersonelTracking\PersonelTracking.csproj", "{A75510C7-F3BB-4F64-8E21-5AD8B81734DD}"
EndProject
Project("{FAE04EC0-301F-11D3-BF4B-00C04F79EFBC}") = "BusinessLogicLayer", "BusinessLogicLayer\BusinessLogicLayer.csproj", "{D49E9722-5AFC-4D0C-B756-12CBADDB2A29}"
EndProject
Project("{FAE04EC0-301F-11D3-BF4B-00C04F79EFBC}") = "DataAccessLayer", "DataAccessLayer\DataAccessLayer.csproj", "{FFC8F24C-D60C-426C-A41A-6300F6324C6D}"
EndProject
Global
	GlobalSection(SolutionConfigurationPlatforms) = preSolution
		Debug|Any CPU = Debug|Any CPU
		Release|Any CPU = Release|Any CPU
	EndGlobalSection
	GlobalSection(ProjectConfigurationPlatforms) = postSolution
		{A75510C7-F3BB-4F64-8E21-5AD8B81734DD}.Debug|Any CPU.ActiveCfg = Debug|Any CPU
		{A75510C7-F3BB-4F64-8E21-5AD8B81734DD}.Debug|Any CPU.Build.0 = Debug|Any CPU
		{A75510C7-F3BB-4F64-8E21-5AD8B81734DD}.Release|Any CPU.ActiveCfg = Release|Any CPU
		{A75510C7-F3BB-4F64-8E21-5AD8B81734DD}.Release|Any CPU.Build.0 = Release|Any CPU
		{D49E9722-5AFC-4D0C-B756-12CBADDB2A29}.Debug|Any CPU.ActiveCfg = Debug|Any CPU
		{D49E9722-5AFC-4D0C-B756-12CBADDB2A29}.Debug|Any CPU.Build.0 = Debug|Any CPU
		{D49E9722-5AFC-4D0C-B756-12CBADDB2A29}.Release|Any CPU.ActiveCfg = Release|Any CPU
		{D49E9722-5AFC-4D0C-B756-12CBADDB2A29}.Release|Any CPU.Build.0 = Release|Any CPU
		{FFC8F24C-D60C-426C-A41A-6300F6324C6D}.Debug|Any CPU.ActiveCfg = Debug|Any CPU
		{FFC8F24C-D60C-426C-A41A-6300F6324C6D}.Debug|Any CPU.Build.0 = Debug|Any CPU
		{FFC8F24C-D60C-426C-A41A-6300F6324C6D}.Release|Any CPU.ActiveCfg = Release|Any CPU
		{FFC8F24C-D60C-426C-A41A-6300F6324C6D}.Release|Any CPU.Build.0 = Release|Any CPU
	EndGlobalSection
	GlobalSection(SolutionProperties) = preSolution
		HideSolutionNode = FALSE
	EndGlobalSection
	GlobalSection(ExtensibilityGlobals) = postSolution
		SolutionGuid = {F948A8FD-25A9-4895-B3B6-485436C5177E}
	EndGlobalSection
EndGlobal
